
Microsoft Visual Studio Solution File, Format Version 12.00
# Visual Studio Version 17
VisualStudioVersion = 17.5.33414.496
MinimumVisualStudioVersion = 10.0.40219.1
Project("{FAE04EC0-301F-11D3-BF4B-00C04F79EFBC}") = "Examen_Unidad3_Alejandro", "Examen_Unidad3_Alejandro.csproj", "{3214F698-6686-4A53-B718-18A31054DD40}"
EndProject
Global
	GlobalSection(SolutionConfigurationPlatforms) = preSolution
		Debug|Any CPU = Debug|Any CPU
		Release|Any CPU = Release|Any CPU
	EndGlobalSection
	GlobalSection(ProjectConfigurationPlatforms) = postSolution
		{3214F698-6686-4A53-B718-18A31054DD40}.Debug|Any CPU.ActiveCfg = Debug|Any CPU
		{3214F698-6686-4A53-B718-18A31054DD40}.Debug|Any CPU.Build.0 = Debug|Any CPU
		{3214F698-6686-4A53-B718-18A31054DD40}.Release|Any CPU.ActiveCfg = Release|Any CPU
		{3214F698-6686-4A53-B718-18A31054DD40}.Release|Any CPU.Build.0 = Release|Any CPU
	EndGlobalSection
	GlobalSection(SolutionProperties) = preSolution
		HideSolutionNode = FALSE
	EndGlobalSection
	GlobalSection(ExtensibilityGlobals) = postSolution
		SolutionGuid = {CA16F31B-C197-4A44-8C06-62B40F01686D}
	EndGlobalSection
EndGlobal
